
Microsoft Visual Studio Solution File, Format Version 12.00
# Visual Studio Version 16
VisualStudioVersion = 16.0.30011.22
MinimumVisualStudioVersion = 10.0.40219.1
Project("{FAE04EC0-301F-11D3-BF4B-00C04F79EFBC}") = "ToDoList", "ToDoList.csproj", "{21FC90D0-DFDF-48C3-971B-D8307C9A88FE}"
EndProject
Global
	GlobalSection(SolutionConfigurationPlatforms) = preSolution
		Debug|Any CPU = Debug|Any CPU
		Release|Any CPU = Release|Any CPU
	EndGlobalSection
	GlobalSection(ProjectConfigurationPlatforms) = postSolution
		{21FC90D0-DFDF-48C3-971B-D8307C9A88FE}.Debug|Any CPU.ActiveCfg = Debug|Any CPU
		{21FC90D0-DFDF-48C3-971B-D8307C9A88FE}.Debug|Any CPU.Build.0 = Debug|Any CPU
		{21FC90D0-DFDF-48C3-971B-D8307C9A88FE}.Release|Any CPU.ActiveCfg = Release|Any CPU
		{21FC90D0-DFDF-48C3-971B-D8307C9A88FE}.Release|Any CPU.Build.0 = Release|Any CPU
	EndGlobalSection
	GlobalSection(SolutionProperties) = preSolution
		HideSolutionNode = FALSE
	EndGlobalSection
	GlobalSection(ExtensibilityGlobals) = postSolution
		SolutionGuid = {1AC7C0EC-BC63-4B12-AF59-E2E4DC482E16}
	EndGlobalSection
EndGlobal
